
Microsoft Visual Studio Solution File, Format Version 11.00
# Visual Studio 2010
Project("{FAE04EC0-301F-11D3-BF4B-00C04F79EFBC}") = "Assembly-CSharp", "Assembly-CSharp.csproj", "{5A39FB46-4BB1-D9AF-18D0-DC7276FA0740}"
EndProject
Project("{FAE04EC0-301F-11D3-BF4B-00C04F79EFBC}") = "Assembly-CSharp-firstpass", "Assembly-CSharp-firstpass.csproj", "{201FE5BC-A7B3-742D-DDA8-2BDE81274CEC}"
EndProject
Global
	GlobalSection(SolutionConfigurationPlatforms) = preSolution
		Debug|Any CPU = Debug|Any CPU
		Release|Any CPU = Release|Any CPU
	EndGlobalSection
	GlobalSection(ProjectConfigurationPlatforms) = postSolution
		{5A39FB46-4BB1-D9AF-18D0-DC7276FA0740}.Debug|Any CPU.ActiveCfg = Debug|Any CPU
		{5A39FB46-4BB1-D9AF-18D0-DC7276FA0740}.Debug|Any CPU.Build.0 = Debug|Any CPU
		{5A39FB46-4BB1-D9AF-18D0-DC7276FA0740}.Release|Any CPU.ActiveCfg = Release|Any CPU
		{5A39FB46-4BB1-D9AF-18D0-DC7276FA0740}.Release|Any CPU.Build.0 = Release|Any CPU
		{201FE5BC-A7B3-742D-DDA8-2BDE81274CEC}.Debug|Any CPU.ActiveCfg = Debug|Any CPU
		{201FE5BC-A7B3-742D-DDA8-2BDE81274CEC}.Debug|Any CPU.Build.0 = Debug|Any CPU
		{201FE5BC-A7B3-742D-DDA8-2BDE81274CEC}.Release|Any CPU.ActiveCfg = Release|Any CPU
		{201FE5BC-A7B3-742D-DDA8-2BDE81274CEC}.Release|Any CPU.Build.0 = Release|Any CPU
	EndGlobalSection
	GlobalSection(SolutionProperties) = preSolution
		HideSolutionNode = FALSE
	EndGlobalSection
EndGlobal
